
Microsoft Visual Studio Solution File, Format Version 12.00
# Visual Studio Version 17
VisualStudioVersion = 17.5.002.0
MinimumVisualStudioVersion = 10.0.40219.1
Project("{9A19103F-16F7-4668-BE54-9A1E7A4F7556}") = "ProjectOnlineFunctions", "Function\ProjectOnlineFunctions.csproj", "{123BCA0A-E1A0-479A-AB24-E3C5B30D0966}"
EndProject
Global
	GlobalSection(SolutionConfigurationPlatforms) = preSolution
		Debug|Any CPU = Debug|Any CPU
		Release|Any CPU = Release|Any CPU
	EndGlobalSection
	GlobalSection(ProjectConfigurationPlatforms) = postSolution
		{123BCA0A-E1A0-479A-AB24-E3C5B30D0966}.Debug|Any CPU.ActiveCfg = Debug|Any CPU
		{123BCA0A-E1A0-479A-AB24-E3C5B30D0966}.Debug|Any CPU.Build.0 = Debug|Any CPU
		{123BCA0A-E1A0-479A-AB24-E3C5B30D0966}.Release|Any CPU.ActiveCfg = Release|Any CPU
		{123BCA0A-E1A0-479A-AB24-E3C5B30D0966}.Release|Any CPU.Build.0 = Release|Any CPU
	EndGlobalSection
	GlobalSection(SolutionProperties) = preSolution
		HideSolutionNode = FALSE
	EndGlobalSection
	GlobalSection(ExtensibilityGlobals) = postSolution
		SolutionGuid = {363F736E-F3BD-4426-9198-448CC0E3DC10}
	EndGlobalSection
EndGlobal
