
Microsoft Visual Studio Solution File, Format Version 12.00
# Visual Studio Version 17
VisualStudioVersion = 17.5.002.0
MinimumVisualStudioVersion = 10.0.40219.1
Project("{9A19103F-16F7-4668-BE54-9A1E7A4F7556}") = "ProjectOnlineFunctions", "Function\ProjectOnlineFunctions.csproj", "{0799D48D-96D1-43EA-BF0C-6477EA9CC243}"
EndProject
Global
	GlobalSection(SolutionConfigurationPlatforms) = preSolution
		Debug|Any CPU = Debug|Any CPU
		Release|Any CPU = Release|Any CPU
	EndGlobalSection
	GlobalSection(ProjectConfigurationPlatforms) = postSolution
		{0799D48D-96D1-43EA-BF0C-6477EA9CC243}.Debug|Any CPU.ActiveCfg = Debug|Any CPU
		{0799D48D-96D1-43EA-BF0C-6477EA9CC243}.Debug|Any CPU.Build.0 = Debug|Any CPU
		{0799D48D-96D1-43EA-BF0C-6477EA9CC243}.Release|Any CPU.ActiveCfg = Release|Any CPU
		{0799D48D-96D1-43EA-BF0C-6477EA9CC243}.Release|Any CPU.Build.0 = Release|Any CPU
	EndGlobalSection
	GlobalSection(SolutionProperties) = preSolution
		HideSolutionNode = FALSE
	EndGlobalSection
	GlobalSection(ExtensibilityGlobals) = postSolution
		SolutionGuid = {2B6BE3D6-7A91-4071-B676-D5E167C2F4B7}
	EndGlobalSection
EndGlobal
